
Microsoft Visual Studio Solution File, Format Version 12.00
# Visual Studio Version 17
VisualStudioVersion = 17.8.34316.72
MinimumVisualStudioVersion = 10.0.40219.1
Project("{FAE04EC0-301F-11D3-BF4B-00C04F79EFBC}") = "darmuhsTerminalStuff", "DarmuhsTerminalCommands\darmuhsTerminalStuff.csproj", "{E2700ABC-7BC7-4BD0-B787-EFFE68445B6A}"
EndProject
Global
	GlobalSection(SolutionConfigurationPlatforms) = preSolution
		Debug|Any CPU = Debug|Any CPU
		Release|Any CPU = Release|Any CPU
		steamdir|Any CPU = steamdir|Any CPU
	EndGlobalSection
	GlobalSection(ProjectConfigurationPlatforms) = postSolution
		{E2700ABC-7BC7-4BD0-B787-EFFE68445B6A}.Debug|Any CPU.ActiveCfg = Debug|Any CPU
		{E2700ABC-7BC7-4BD0-B787-EFFE68445B6A}.Debug|Any CPU.Build.0 = Debug|Any CPU
		{E2700ABC-7BC7-4BD0-B787-EFFE68445B6A}.Release|Any CPU.ActiveCfg = Release|Any CPU
		{E2700ABC-7BC7-4BD0-B787-EFFE68445B6A}.Release|Any CPU.Build.0 = Release|Any CPU
		{E2700ABC-7BC7-4BD0-B787-EFFE68445B6A}.steamdir|Any CPU.ActiveCfg = steamdir|Any CPU
		{E2700ABC-7BC7-4BD0-B787-EFFE68445B6A}.steamdir|Any CPU.Build.0 = steamdir|Any CPU
	EndGlobalSection
	GlobalSection(SolutionProperties) = preSolution
		HideSolutionNode = FALSE
	EndGlobalSection
	GlobalSection(ExtensibilityGlobals) = postSolution
		SolutionGuid = {E740B4A9-A5A7-4371-957C-047996CB0FE6}
	EndGlobalSection
EndGlobal
